// !$*UTF8*$!
{
	archiveVersion = 1;
	classes = {
	};
	objectVersion = 56;
	objects = {

/* Begin PBXBuildFile section */
		34175E1F29A37BB80019B816 /* APIError.swift in Sources */ = {isa = PBXBuildFile; fileRef = 34175E1E29A37BB80019B816 /* APIError.swift */; };
		34175E2229A37C660019B816 /* NewsService.swift in Sources */ = {isa = PBXBuildFile; fileRef = 34175E2129A37C660019B816 /* NewsService.swift */; };
		34175E2529A37F6D0019B816 /* ResultState.swift in Sources */ = {isa = PBXBuildFile; fileRef = 34175E2429A37F6D0019B816 /* ResultState.swift */; };
		34175E2829A37FC80019B816 /* NewsViewModel.swift in Sources */ = {isa = PBXBuildFile; fileRef = 34175E2729A37FC80019B816 /* NewsViewModel.swift */; };
		34175E2B29A382620019B816 /* URLImage in Frameworks */ = {isa = PBXBuildFile; productRef = 34175E2A29A382620019B816 /* URLImage */; };
		34175E2D29A3827F0019B816 /* ArticleView.swift in Sources */ = {isa = PBXBuildFile; fileRef = 34175E2C29A3827F0019B816 /* ArticleView.swift */; };
		34175E2F29A387790019B816 /* ErrorView.swift in Sources */ = {isa = PBXBuildFile; fileRef = 34175E2E29A387790019B816 /* ErrorView.swift */; };
		345CA2BB29A3599000A977D4 /* NewApp_SwiftUIApp.swift in Sources */ = {isa = PBXBuildFile; fileRef = 345CA2BA29A3599000A977D4 /* NewApp_SwiftUIApp.swift */; };
		345CA2BF29A3599200A977D4 /* Assets.xcassets in Resources */ = {isa = PBXBuildFile; fileRef = 345CA2BE29A3599200A977D4 /* Assets.xcassets */; };
		345CA2C229A3599200A977D4 /* Preview Assets.xcassets in Resources */ = {isa = PBXBuildFile; fileRef = 345CA2C129A3599200A977D4 /* Preview Assets.xcassets */; };
		345CA2CA29A35A1000A977D4 /* HomeView.swift in Sources */ = {isa = PBXBuildFile; fileRef = 345CA2C929A35A1000A977D4 /* HomeView.swift */; };
		345CA2CD29A35B2E00A977D4 /* News.swift in Sources */ = {isa = PBXBuildFile; fileRef = 345CA2CC29A35B2E00A977D4 /* News.swift */; };
		345CA2CF29A35C2B00A977D4 /* NewsEndpoint.swift in Sources */ = {isa = PBXBuildFile; fileRef = 345CA2CE29A35C2B00A977D4 /* NewsEndpoint.swift */; };
/* End PBXBuildFile section */

/* Begin PBXFileReference section */
		34175E1E29A37BB80019B816 /* APIError.swift */ = {isa = PBXFileReference; lastKnownFileType = sourcecode.swift; path = APIError.swift; sourceTree = "<group>"; };
		34175E2129A37C660019B816 /* NewsService.swift */ = {isa = PBXFileReference; lastKnownFileType = sourcecode.swift; path = NewsService.swift; sourceTree = "<group>"; };
		34175E2429A37F6D0019B816 /* ResultState.swift */ = {isa = PBXFileReference; lastKnownFileType = sourcecode.swift; path = ResultState.swift; sourceTree = "<group>"; };
		34175E2729A37FC80019B816 /* NewsViewModel.swift */ = {isa = PBXFileReference; lastKnownFileType = sourcecode.swift; path = NewsViewModel.swift; sourceTree = "<group>"; };
		34175E2C29A3827F0019B816 /* ArticleView.swift */ = {isa = PBXFileReference; lastKnownFileType = sourcecode.swift; path = ArticleView.swift; sourceTree = "<group>"; };
		34175E2E29A387790019B816 /* ErrorView.swift */ = {isa = PBXFileReference; lastKnownFileType = sourcecode.swift; path = ErrorView.swift; sourceTree = "<group>"; };
		345CA2B729A3599000A977D4 /* NewApp+SwiftUI.app */ = {isa = PBXFileReference; explicitFileType = wrapper.application; includeInIndex = 0; path = "NewApp+SwiftUI.app"; sourceTree = BUILT_PRODUCTS_DIR; };
		345CA2BA29A3599000A977D4 /* NewApp_SwiftUIApp.swift */ = {isa = PBXFileReference; lastKnownFileType = sourcecode.swift; path = NewApp_SwiftUIApp.swift; sourceTree = "<group>"; };
		345CA2BE29A3599200A977D4 /* Assets.xcassets */ = {isa = PBXFileReference; lastKnownFileType = folder.assetcatalog; path = Assets.xcassets; sourceTree = "<group>"; };
		345CA2C129A3599200A977D4 /* Preview Assets.xcassets */ = {isa = PBXFileReference; lastKnownFileType = folder.assetcatalog; path = "Preview Assets.xcassets"; sourceTree = "<group>"; };
		345CA2C929A35A1000A977D4 /* HomeView.swift */ = {isa = PBXFileReference; lastKnownFileType = sourcecode.swift; path = HomeView.swift; sourceTree = "<group>"; };
		345CA2CC29A35B2E00A977D4 /* News.swift */ = {isa = PBXFileReference; lastKnownFileType = sourcecode.swift; path = News.swift; sourceTree = "<group>"; };
		345CA2CE29A35C2B00A977D4 /* NewsEndpoint.swift */ = {isa = PBXFileReference; lastKnownFileType = sourcecode.swift; path = NewsEndpoint.swift; sourceTree = "<group>"; };
/* End PBXFileReference section */

/* Begin PBXFrameworksBuildPhase section */
		345CA2B429A3599000A977D4 /* Frameworks */ = {
			isa = PBXFrameworksBuildPhase;
			buildActionMask = 2147483647;
			files = (
				34175E2B29A382620019B816 /* URLImage in Frameworks */,
			);
			runOnlyForDeploymentPostprocessing = 0;
		};
/* End PBXFrameworksBuildPhase section */

/* Begin PBXGroup section */
		34175E2029A37BE10019B816 /* Network */ = {
			isa = PBXGroup;
			children = (
				345CA2CE29A35C2B00A977D4 /* NewsEndpoint.swift */,
				34175E1E29A37BB80019B816 /* APIError.swift */,
				34175E2129A37C660019B816 /* NewsService.swift */,
			);
			path = Network;
			sourceTree = "<group>";
		};
		34175E2329A37F620019B816 /* States */ = {
			isa = PBXGroup;
			children = (
				34175E2429A37F6D0019B816 /* ResultState.swift */,
			);
			path = States;
			sourceTree = "<group>";
		};
		34175E2629A37FB90019B816 /* ViewModel */ = {
			isa = PBXGroup;
			children = (
				34175E2729A37FC80019B816 /* NewsViewModel.swift */,
			);
			path = ViewModel;
			sourceTree = "<group>";
		};
		345CA2AE29A3599000A977D4 = {
			isa = PBXGroup;
			children = (
				345CA2B929A3599000A977D4 /* NewApp+SwiftUI */,
				345CA2B829A3599000A977D4 /* Products */,
			);
			sourceTree = "<group>";
		};
		345CA2B829A3599000A977D4 /* Products */ = {
			isa = PBXGroup;
			children = (
				345CA2B729A3599000A977D4 /* NewApp+SwiftUI.app */,
			);
			name = Products;
			sourceTree = "<group>";
		};
		345CA2B929A3599000A977D4 /* NewApp+SwiftUI */ = {
			isa = PBXGroup;
			children = (
				34175E2629A37FB90019B816 /* ViewModel */,
				34175E2329A37F620019B816 /* States */,
				34175E2029A37BE10019B816 /* Network */,
				345CA2CB29A35B2100A977D4 /* Model */,
				345CA2C829A35A0100A977D4 /* Views */,
				345CA2BA29A3599000A977D4 /* NewApp_SwiftUIApp.swift */,
				345CA2BE29A3599200A977D4 /* Assets.xcassets */,
				345CA2C029A3599200A977D4 /* Preview Content */,
			);
			path = "NewApp+SwiftUI";
			sourceTree = "<group>";
		};
		345CA2C029A3599200A977D4 /* Preview Content */ = {
			isa = PBXGroup;
			children = (
				345CA2C129A3599200A977D4 /* Preview Assets.xcassets */,
			);
			path = "Preview Content";
			sourceTree = "<group>";
		};
		345CA2C829A35A0100A977D4 /* Views */ = {
			isa = PBXGroup;
			children = (
				345CA2C929A35A1000A977D4 /* HomeView.swift */,
				34175E2C29A3827F0019B816 /* ArticleView.swift */,
				34175E2E29A387790019B816 /* ErrorView.swift */,
			);
			path = Views;
			sourceTree = "<group>";
		};
		345CA2CB29A35B2100A977D4 /* Model */ = {
			isa = PBXGroup;
			children = (
				345CA2CC29A35B2E00A977D4 /* News.swift */,
			);
			path = Model;
			sourceTree = "<group>";
		};
/* End PBXGroup section */

/* Begin PBXNativeTarget section */
		345CA2B629A3599000A977D4 /* NewApp+SwiftUI */ = {
			isa = PBXNativeTarget;
			buildConfigurationList = 345CA2C529A3599200A977D4 /* Build configuration list for PBXNativeTarget "NewApp+SwiftUI" */;
			buildPhases = (
				345CA2B329A3599000A977D4 /* Sources */,
				345CA2B429A3599000A977D4 /* Frameworks */,
				345CA2B529A3599000A977D4 /* Resources */,
			);
			buildRules = (
			);
			dependencies = (
			);
			name = "NewApp+SwiftUI";
			packageProductDependencies = (
				34175E2A29A382620019B816 /* URLImage */,
			);
			productName = "NewApp+SwiftUI";
			productReference = 345CA2B729A3599000A977D4 /* NewApp+SwiftUI.app */;
			productType = "com.apple.product-type.application";
		};
/* End PBXNativeTarget section */

/* Begin PBXProject section */
		345CA2AF29A3599000A977D4 /* Project object */ = {
			isa = PBXProject;
			attributes = {
				BuildIndependentTargetsInParallel = 1;
				LastSwiftUpdateCheck = 1400;
				LastUpgradeCheck = 1400;
				TargetAttributes = {
					345CA2B629A3599000A977D4 = {
						CreatedOnToolsVersion = 14.0;
					};
				};
			};
			buildConfigurationList = 345CA2B229A3599000A977D4 /* Build configuration list for PBXProject "NewApp+SwiftUI" */;
			compatibilityVersion = "Xcode 14.0";
			developmentRegion = en;
			hasScannedForEncodings = 0;
			knownRegions = (
				en,
				Base,
			);
			mainGroup = 345CA2AE29A3599000A977D4;
			packageReferences = (
				34175E2929A382620019B816 /* XCRemoteSwiftPackageReference "url-image" */,
			);
			productRefGroup = 345CA2B829A3599000A977D4 /* Products */;
			projectDirPath = "";
			projectRoot = "";
			targets = (
				345CA2B629A3599000A977D4 /* NewApp+SwiftUI */,
			);
		};
/* End PBXProject section */

/* Begin PBXResourcesBuildPhase section */
		345CA2B529A3599000A977D4 /* Resources */ = {
			isa = PBXResourcesBuildPhase;
			buildActionMask = 2147483647;
			files = (
				345CA2C229A3599200A977D4 /* Preview Assets.xcassets in Resources */,
				345CA2BF29A3599200A977D4 /* Assets.xcassets in Resources */,
			);
			runOnlyForDeploymentPostprocessing = 0;
		};
/* End PBXResourcesBuildPhase section */

/* Begin PBXSourcesBuildPhase section */
		345CA2B329A3599000A977D4 /* Sources */ = {
			isa = PBXSourcesBuildPhase;
			buildActionMask = 2147483647;
			files = (
				34175E2F29A387790019B816 /* ErrorView.swift in Sources */,
				34175E2229A37C660019B816 /* NewsService.swift in Sources */,
				345CA2CD29A35B2E00A977D4 /* News.swift in Sources */,
				345CA2CA29A35A1000A977D4 /* HomeView.swift in Sources */,
				34175E2529A37F6D0019B816 /* ResultState.swift in Sources */,
				345CA2BB29A3599000A977D4 /* NewApp_SwiftUIApp.swift in Sources */,
				34175E1F29A37BB80019B816 /* APIError.swift in Sources */,
				345CA2CF29A35C2B00A977D4 /* NewsEndpoint.swift in Sources */,
				34175E2D29A3827F0019B816 /* ArticleView.swift in Sources */,
				34175E2829A37FC80019B816 /* NewsViewModel.swift in Sources */,
			);
			runOnlyForDeploymentPostprocessing = 0;
		};
/* End PBXSourcesBuildPhase section */

/* Begin XCBuildConfiguration section */
		345CA2C329A3599200A977D4 /* Debug */ = {
			isa = XCBuildConfiguration;
			buildSettings = {
				ALWAYS_SEARCH_USER_PATHS = NO;
				CLANG_ANALYZER_NONNULL = YES;
				CLANG_ANALYZER_NUMBER_OBJECT_CONVERSION = YES_AGGRESSIVE;
				CLANG_CXX_LANGUAGE_STANDARD = "gnu++20";
				CLANG_ENABLE_MODULES = YES;
				CLANG_ENABLE_OBJC_ARC = YES;
				CLANG_ENABLE_OBJC_WEAK = YES;
				CLANG_WARN_BLOCK_CAPTURE_AUTORELEASING = YES;
				CLANG_WARN_BOOL_CONVERSION = YES;
				CLANG_WARN_COMMA = YES;
				CLANG_WARN_CONSTANT_CONVERSION = YES;
				CLANG_WARN_DEPRECATED_OBJC_IMPLEMENTATIONS = YES;
				CLANG_WARN_DIRECT_OBJC_ISA_USAGE = YES_ERROR;
				CLANG_WARN_DOCUMENTATION_COMMENTS = YES;
				CLANG_WARN_EMPTY_BODY = YES;
				CLANG_WARN_ENUM_CONVERSION = YES;
				CLANG_WARN_INFINITE_RECURSION = YES;
				CLANG_WARN_INT_CONVERSION = YES;
				CLANG_WARN_NON_LITERAL_NULL_CONVERSION = YES;
				CLANG_WARN_OBJC_IMPLICIT_RETAIN_SELF = YES;
				CLANG_WARN_OBJC_LITERAL_CONVERSION = YES;
				CLANG_WARN_OBJC_ROOT_CLASS = YES_ERROR;
				CLANG_WARN_QUOTED_INCLUDE_IN_FRAMEWORK_HEADER = YES;
				CLANG_WARN_RANGE_LOOP_ANALYSIS = YES;
				CLANG_WARN_STRICT_PROTOTYPES = YES;
				CLANG_WARN_SUSPICIOUS_MOVE = YES;
				CLANG_WARN_UNGUARDED_AVAILABILITY = YES_AGGRESSIVE;
				CLANG_WARN_UNREACHABLE_CODE = YES;
				CLANG_WARN__DUPLICATE_METHOD_MATCH = YES;
				COPY_PHASE_STRIP = NO;
				DEBUG_INFORMATION_FORMAT = dwarf;
				ENABLE_STRICT_OBJC_MSGSEND = YES;
				ENABLE_TESTABILITY = YES;
				GCC_C_LANGUAGE_STANDARD = gnu11;
				GCC_DYNAMIC_NO_PIC = NO;
				GCC_NO_COMMON_BLOCKS = YES;
				GCC_OPTIMIZATION_LEVEL = 0;
				GCC_PREPROCESSOR_DEFINITIONS = (
					"DEBUG=1",
					"$(inherited)",
				);
				GCC_WARN_64_TO_32_BIT_CONVERSION = YES;
				GCC_WARN_ABOUT_RETURN_TYPE = YES_ERROR;
				GCC_WARN_UNDECLARED_SELECTOR = YES;
				GCC_WARN_UNINITIALIZED_AUTOS = YES_AGGRESSIVE;
				GCC_WARN_UNUSED_FUNCTION = YES;
				GCC_WARN_UNUSED_VARIABLE = YES;
				IPHONEOS_DEPLOYMENT_TARGET = 16.0;
				MTL_ENABLE_DEBUG_INFO = INCLUDE_SOURCE;
				MTL_FAST_MATH = YES;
				ONLY_ACTIVE_ARCH = YES;
				SDKROOT = iphoneos;
				SWIFT_ACTIVE_COMPILATION_CONDITIONS = DEBUG;
				SWIFT_OPTIMIZATION_LEVEL = "-Onone";
			};
			name = Debug;
		};
		345CA2C429A3599200A977D4 /* Release */ = {
			isa = XCBuildConfiguration;
			buildSettings = {
				ALWAYS_SEARCH_USER_PATHS = NO;
				CLANG_ANALYZER_NONNULL = YES;
				CLANG_ANALYZER_NUMBER_OBJECT_CONVERSION = YES_AGGRESSIVE;
				CLANG_CXX_LANGUAGE_STANDARD = "gnu++20";
				CLANG_ENABLE_MODULES = YES;
				CLANG_ENABLE_OBJC_ARC = YES;
				CLANG_ENABLE_OBJC_WEAK = YES;
				CLANG_WARN_BLOCK_CAPTURE_AUTORELEASING = YES;
				CLANG_WARN_BOOL_CONVERSION = YES;
				CLANG_WARN_COMMA = YES;
				CLANG_WARN_CONSTANT_CONVERSION = YES;
				CLANG_WARN_DEPRECATED_OBJC_IMPLEMENTATIONS = YES;
				CLANG_WARN_DIRECT_OBJC_ISA_USAGE = YES_ERROR;
				CLANG_WARN_DOCUMENTATION_COMMENTS = YES;
				CLANG_WARN_EMPTY_BODY = YES;
				CLANG_WARN_ENUM_CONVERSION = YES;
				CLANG_WARN_INFINITE_RECURSION = YES;
				CLANG_WARN_INT_CONVERSION = YES;
				CLANG_WARN_NON_LITERAL_NULL_CONVERSION = YES;
				CLANG_WARN_OBJC_IMPLICIT_RETAIN_SELF = YES;
				CLANG_WARN_OBJC_LITERAL_CONVERSION = YES;
				CLANG_WARN_OBJC_ROOT_CLASS = YES_ERROR;
				CLANG_WARN_QUOTED_INCLUDE_IN_FRAMEWORK_HEADER = YES;
				CLANG_WARN_RANGE_LOOP_ANALYSIS = YES;
				CLANG_WARN_STRICT_PROTOTYPES = YES;
				CLANG_WARN_SUSPICIOUS_MOVE = YES;
				CLANG_WARN_UNGUARDED_AVAILABILITY = YES_AGGRESSIVE;
				CLANG_WARN_UNREACHABLE_CODE = YES;
				CLANG_WARN__DUPLICATE_METHOD_MATCH = YES;
				COPY_PHASE_STRIP = NO;
				DEBUG_INFORMATION_FORMAT = "dwarf-with-dsym";
				ENABLE_NS_ASSERTIONS = NO;
				ENABLE_STRICT_OBJC_MSGSEND = YES;
				GCC_C_LANGUAGE_STANDARD = gnu11;
				GCC_NO_COMMON_BLOCKS = YES;
				GCC_WARN_64_TO_32_BIT_CONVERSION = YES;
				GCC_WARN_ABOUT_RETURN_TYPE = YES_ERROR;
				GCC_WARN_UNDECLARED_SELECTOR = YES;
				GCC_WARN_UNINITIALIZED_AUTOS = YES_AGGRESSIVE;
				GCC_WARN_UNUSED_FUNCTION = YES;
				GCC_WARN_UNUSED_VARIABLE = YES;
				IPHONEOS_DEPLOYMENT_TARGET = 16.0;
				MTL_ENABLE_DEBUG_INFO = NO;
				MTL_FAST_MATH = YES;
				SDKROOT = iphoneos;
				SWIFT_COMPILATION_MODE = wholemodule;
				SWIFT_OPTIMIZATION_LEVEL = "-O";
				VALIDATE_PRODUCT = YES;
			};
			name = Release;
		};
		345CA2C629A3599200A977D4 /* Debug */ = {
			isa = XCBuildConfiguration;
			buildSettings = {
				ASSETCATALOG_COMPILER_APPICON_NAME = AppIcon;
				ASSETCATALOG_COMPILER_GLOBAL_ACCENT_COLOR_NAME = AccentColor;
				CODE_SIGN_STYLE = Automatic;
				CURRENT_PROJECT_VERSION = 1;
				DEVELOPMENT_ASSET_PATHS = "\"NewApp+SwiftUI/Preview Content\"";
				DEVELOPMENT_TEAM = 8244FLRS75;
				ENABLE_PREVIEWS = YES;
				GENERATE_INFOPLIST_FILE = YES;
				INFOPLIST_KEY_UIApplicationSceneManifest_Generation = YES;
				INFOPLIST_KEY_UIApplicationSupportsIndirectInputEvents = YES;
				INFOPLIST_KEY_UILaunchScreen_Generation = YES;
				INFOPLIST_KEY_UISupportedInterfaceOrientations_iPad = "UIInterfaceOrientationPortrait UIInterfaceOrientationPortraitUpsideDown UIInterfaceOrientationLandscapeLeft UIInterfaceOrientationLandscapeRight";
				INFOPLIST_KEY_UISupportedInterfaceOrientations_iPhone = "UIInterfaceOrientationPortrait UIInterfaceOrientationLandscapeLeft UIInterfaceOrientationLandscapeRight";
				LD_RUNPATH_SEARCH_PATHS = (
					"$(inherited)",
					"@executable_path/Frameworks",
				);
				MARKETING_VERSION = 1.0;
				PRODUCT_BUNDLE_IDENTIFIER = "come.aselZhumalieva.NewApp-SwiftUI";
				PRODUCT_NAME = "$(TARGET_NAME)";
				SWIFT_EMIT_LOC_STRINGS = YES;
				SWIFT_VERSION = 5.0;
				TARGETED_DEVICE_FAMILY = "1,2";
			};
			name = Debug;
		};
		345CA2C729A3599200A977D4 /* Release */ = {
			isa = XCBuildConfiguration;
			buildSettings = {
				ASSETCATALOG_COMPILER_APPICON_NAME = AppIcon;
				ASSETCATALOG_COMPILER_GLOBAL_ACCENT_COLOR_NAME = AccentColor;
				CODE_SIGN_STYLE = Automatic;
				CURRENT_PROJECT_VERSION = 1;
				DEVELOPMENT_ASSET_PATHS = "\"NewApp+SwiftUI/Preview Content\"";
				DEVELOPMENT_TEAM = 8244FLRS75;
				ENABLE_PREVIEWS = YES;
				GENERATE_INFOPLIST_FILE = YES;
				INFOPLIST_KEY_UIApplicationSceneManifest_Generation = YES;
				INFOPLIST_KEY_UIApplicationSupportsIndirectInputEvents = YES;
				INFOPLIST_KEY_UILaunchScreen_Generation = YES;
				INFOPLIST_KEY_UISupportedInterfaceOrientations_iPad = "UIInterfaceOrientationPortrait UIInterfaceOrientationPortraitUpsideDown UIInterfaceOrientationLandscapeLeft UIInterfaceOrientationLandscapeRight";
				INFOPLIST_KEY_UISupportedInterfaceOrientations_iPhone = "UIInterfaceOrientationPortrait UIInterfaceOrientationLandscapeLeft UIInterfaceOrientationLandscapeRight";
				LD_RUNPATH_SEARCH_PATHS = (
					"$(inherited)",
					"@executable_path/Frameworks",
				);
				MARKETING_VERSION = 1.0;
				PRODUCT_BUNDLE_IDENTIFIER = "come.aselZhumalieva.NewApp-SwiftUI";
				PRODUCT_NAME = "$(TARGET_NAME)";
				SWIFT_EMIT_LOC_STRINGS = YES;
				SWIFT_VERSION = 5.0;
				TARGETED_DEVICE_FAMILY = "1,2";
			};
			name = Release;
		};
/* End XCBuildConfiguration section */

/* Begin XCConfigurationList section */
		345CA2B229A3599000A977D4 /* Build configuration list for PBXProject "NewApp+SwiftUI" */ = {
			isa = XCConfigurationList;
			buildConfigurations = (
				345CA2C329A3599200A977D4 /* Debug */,
				345CA2C429A3599200A977D4 /* Release */,
			);
			defaultConfigurationIsVisible = 0;
			defaultConfigurationName = Release;
		};
		345CA2C529A3599200A977D4 /* Build configuration list for PBXNativeTarget "NewApp+SwiftUI" */ = {
			isa = XCConfigurationList;
			buildConfigurations = (
				345CA2C629A3599200A977D4 /* Debug */,
				345CA2C729A3599200A977D4 /* Release */,
			);
			defaultConfigurationIsVisible = 0;
			defaultConfigurationName = Release;
		};
/* End XCConfigurationList section */

/* Begin XCRemoteSwiftPackageReference section */
		34175E2929A382620019B816 /* XCRemoteSwiftPackageReference "url-image" */ = {
			isa = XCRemoteSwiftPackageReference;
			repositoryURL = "https://github.com/dmytro-anokhin/url-image";
			requirement = {
				kind = upToNextMajorVersion;
				minimumVersion = 3.0.0;
			};
		};
/* End XCRemoteSwiftPackageReference section */

/* Begin XCSwiftPackageProductDependency section */
		34175E2A29A382620019B816 /* URLImage */ = {
			isa = XCSwiftPackageProductDependency;
			package = 34175E2929A382620019B816 /* XCRemoteSwiftPackageReference "url-image" */;
			productName = URLImage;
		};
/* End XCSwiftPackageProductDependency section */
	};
	rootObject = 345CA2AF29A3599000A977D4 /* Project object */;
}
